
Microsoft Visual Studio Solution File, Format Version 12.00
# Visual Studio Version 17
VisualStudioVersion = 17.4.33213.308
MinimumVisualStudioVersion = 10.0.40219.1
Project("{8BC9CEB8-8B4A-11D0-8D11-00A0C91BC942}") = "01_intro", "01_intro\01_intro.vcxproj", "{0698ABE6-3185-490C-97D8-2C3D281A1701}"
EndProject
Project("{8BC9CEB8-8B4A-11D0-8D11-00A0C91BC942}") = "02_if_else", "02_if_else\02_if_else.vcxproj", "{87D67F3A-1E4E-425F-AFBD-67916CC9DFC9}"
EndProject
Project("{8BC9CEB8-8B4A-11D0-8D11-00A0C91BC942}") = "03_cycles", "03_cycles\03_cycles.vcxproj", "{27D3836A-4593-4DFF-A08A-EBD0CCC1AD43}"
EndProject
Project("{8BC9CEB8-8B4A-11D0-8D11-00A0C91BC942}") = "06_function", "06_function\06_function.vcxproj", "{710EB9CF-F014-4992-B11D-E21374DFE5A9}"
EndProject
Project("{8BC9CEB8-8B4A-11D0-8D11-00A0C91BC942}") = "06_function_array", "06_function_array\06_function_array.vcxproj", "{7660B840-307A-4C2A-9D34-FD71B147F042}"
EndProject
Project("{8BC9CEB8-8B4A-11D0-8D11-00A0C91BC942}") = "07_recursive_function", "07_recursive_function\07_recursive_function.vcxproj", "{43FB2A64-8049-4CF4-AE2A-0CF9D055399C}"
EndProject
Project("{8BC9CEB8-8B4A-11D0-8D11-00A0C91BC942}") = "07_template_function", "07_template_function\07_template_function.vcxproj", "{8ED109BD-B739-4D92-8CE2-0AE41004767A}"
EndProject
Project("{8BC9CEB8-8B4A-11D0-8D11-00A0C91BC942}") = "07_helper_home", "07_helper_home\07_helper_home.vcxproj", "{C9D2684C-665D-48AC-A39D-4B0C4C6895F6}"
EndProject
Project("{8BC9CEB8-8B4A-11D0-8D11-00A0C91BC942}") = "08_quickSort", "08_quickSort\08_quickSort.vcxproj", "{03F76CCF-6CAC-4518-A172-DEECA9573DF1}"
EndProject
Project("{8BC9CEB8-8B4A-11D0-8D11-00A0C91BC942}") = "09_pointer", "09_pointer\09_pointer.vcxproj", "{D3A06991-6F8A-4C5C-9385-6E3BCE81B33D}"
EndProject
Project("{8BC9CEB8-8B4A-11D0-8D11-00A0C91BC942}") = "09_helper_arra_spiral", "09_helper_arra_spiral\09_helper_arra_spiral.vcxproj", "{ACBCD815-5B46-4E85-82C8-8D3D89C50508}"
EndProject
Project("{8BC9CEB8-8B4A-11D0-8D11-00A0C91BC942}") = "10_dynamic_array", "10_dynamic_array\10_dynamic_array.vcxproj", "{F8A33696-5259-4F62-8D9B-F4713DA12224}"
EndProject
Project("{8BC9CEB8-8B4A-11D0-8D11-00A0C91BC942}") = "11_constPointer_pointerFun", "11_constPointer_pointerFun\11_constPointer_pointerFun.vcxproj", "{38A3EAAE-2CB8-455C-BABF-638068AAC89E}"
EndProject
Project("{8BC9CEB8-8B4A-11D0-8D11-00A0C91BC942}") = "11_dynamic mult array", "11_dynamic mult array\11_dynamic mult array.vcxproj", "{1FC4B0A0-A046-4ED4-B412-095A1CC8FC32}"
EndProject
Project("{8BC9CEB8-8B4A-11D0-8D11-00A0C91BC942}") = "12_multFile", "12_multFile\12_multFile.vcxproj", "{75E47EFE-F698-4745-954A-E22E7C0669EA}"
EndProject
Project("{8BC9CEB8-8B4A-11D0-8D11-00A0C91BC942}") = "12_helperHome", "12_helperHome\12_helperHome.vcxproj", "{72659662-CDD7-4997-9579-405AA39FAD48}"
EndProject
Project("{8BC9CEB8-8B4A-11D0-8D11-00A0C91BC942}") = "13_cString", "13_cString\13_cString.vcxproj", "{C4B41239-1BA9-48B8-B26E-8AD0E784C650}"
EndProject
Project("{8BC9CEB8-8B4A-11D0-8D11-00A0C91BC942}") = "14_struct", "14_struct\14_struct.vcxproj", "{F3481816-E670-46D5-BE20-23B20B1873FB}"
EndProject
Project("{8BC9CEB8-8B4A-11D0-8D11-00A0C91BC942}") = "14_library", "14_library\14_library.vcxproj", "{E4DBCCF9-88CD-414F-AD2D-9E565C46292A}"
EndProject
Project("{8BC9CEB8-8B4A-11D0-8D11-00A0C91BC942}") = "15_file", "15_file\15_file.vcxproj", "{AC082F38-F270-4C7F-868B-20153C30876B}"
EndProject
Project("{8BC9CEB8-8B4A-11D0-8D11-00A0C91BC942}") = "15_helper_home_task", "15_helper_home_task\15_helper_home_task.vcxproj", "{CAD950DF-7256-4D13-BF56-8DAE6D8DD99B}"
EndProject
Project("{8BC9CEB8-8B4A-11D0-8D11-00A0C91BC942}") = "16_file_read_write", "16_file_read_write\16_file_read_write.vcxproj", "{4D5A2430-0C45-4B09-9A38-4CAB3930604F}"
EndProject
Global
	GlobalSection(SolutionConfigurationPlatforms) = preSolution
		Debug|x64 = Debug|x64
		Debug|x86 = Debug|x86
		Release|x64 = Release|x64
		Release|x86 = Release|x86
	EndGlobalSection
	GlobalSection(ProjectConfigurationPlatforms) = postSolution
		{0698ABE6-3185-490C-97D8-2C3D281A1701}.Debug|x64.ActiveCfg = Debug|x64
		{0698ABE6-3185-490C-97D8-2C3D281A1701}.Debug|x64.Build.0 = Debug|x64
		{0698ABE6-3185-490C-97D8-2C3D281A1701}.Debug|x86.ActiveCfg = Debug|Win32
		{0698ABE6-3185-490C-97D8-2C3D281A1701}.Debug|x86.Build.0 = Debug|Win32
		{0698ABE6-3185-490C-97D8-2C3D281A1701}.Release|x64.ActiveCfg = Release|x64
		{0698ABE6-3185-490C-97D8-2C3D281A1701}.Release|x64.Build.0 = Release|x64
		{0698ABE6-3185-490C-97D8-2C3D281A1701}.Release|x86.ActiveCfg = Release|Win32
		{0698ABE6-3185-490C-97D8-2C3D281A1701}.Release|x86.Build.0 = Release|Win32
		{87D67F3A-1E4E-425F-AFBD-67916CC9DFC9}.Debug|x64.ActiveCfg = Debug|x64
		{87D67F3A-1E4E-425F-AFBD-67916CC9DFC9}.Debug|x64.Build.0 = Debug|x64
		{87D67F3A-1E4E-425F-AFBD-67916CC9DFC9}.Debug|x86.ActiveCfg = Debug|Win32
		{87D67F3A-1E4E-425F-AFBD-67916CC9DFC9}.Debug|x86.Build.0 = Debug|Win32
		{87D67F3A-1E4E-425F-AFBD-67916CC9DFC9}.Release|x64.ActiveCfg = Release|x64
		{87D67F3A-1E4E-425F-AFBD-67916CC9DFC9}.Release|x64.Build.0 = Release|x64
		{87D67F3A-1E4E-425F-AFBD-67916CC9DFC9}.Release|x86.ActiveCfg = Release|Win32
		{87D67F3A-1E4E-425F-AFBD-67916CC9DFC9}.Release|x86.Build.0 = Release|Win32
		{27D3836A-4593-4DFF-A08A-EBD0CCC1AD43}.Debug|x64.ActiveCfg = Debug|x64
		{27D3836A-4593-4DFF-A08A-EBD0CCC1AD43}.Debug|x64.Build.0 = Debug|x64
		{27D3836A-4593-4DFF-A08A-EBD0CCC1AD43}.Debug|x86.ActiveCfg = Debug|Win32
		{27D3836A-4593-4DFF-A08A-EBD0CCC1AD43}.Debug|x86.Build.0 = Debug|Win32
		{27D3836A-4593-4DFF-A08A-EBD0CCC1AD43}.Release|x64.ActiveCfg = Release|x64
		{27D3836A-4593-4DFF-A08A-EBD0CCC1AD43}.Release|x64.Build.0 = Release|x64
		{27D3836A-4593-4DFF-A08A-EBD0CCC1AD43}.Release|x86.ActiveCfg = Release|Win32
		{27D3836A-4593-4DFF-A08A-EBD0CCC1AD43}.Release|x86.Build.0 = Release|Win32
		{710EB9CF-F014-4992-B11D-E21374DFE5A9}.Debug|x64.ActiveCfg = Debug|x64
		{710EB9CF-F014-4992-B11D-E21374DFE5A9}.Debug|x64.Build.0 = Debug|x64
		{710EB9CF-F014-4992-B11D-E21374DFE5A9}.Debug|x86.ActiveCfg = Debug|Win32
		{710EB9CF-F014-4992-B11D-E21374DFE5A9}.Debug|x86.Build.0 = Debug|Win32
		{710EB9CF-F014-4992-B11D-E21374DFE5A9}.Release|x64.ActiveCfg = Release|x64
		{710EB9CF-F014-4992-B11D-E21374DFE5A9}.Release|x64.Build.0 = Release|x64
		{710EB9CF-F014-4992-B11D-E21374DFE5A9}.Release|x86.ActiveCfg = Release|Win32
		{710EB9CF-F014-4992-B11D-E21374DFE5A9}.Release|x86.Build.0 = Release|Win32
		{7660B840-307A-4C2A-9D34-FD71B147F042}.Debug|x64.ActiveCfg = Debug|x64
		{7660B840-307A-4C2A-9D34-FD71B147F042}.Debug|x64.Build.0 = Debug|x64
		{7660B840-307A-4C2A-9D34-FD71B147F042}.Debug|x86.ActiveCfg = Debug|Win32
		{7660B840-307A-4C2A-9D34-FD71B147F042}.Debug|x86.Build.0 = Debug|Win32
		{7660B840-307A-4C2A-9D34-FD71B147F042}.Release|x64.ActiveCfg = Release|x64
		{7660B840-307A-4C2A-9D34-FD71B147F042}.Release|x64.Build.0 = Release|x64
		{7660B840-307A-4C2A-9D34-FD71B147F042}.Release|x86.ActiveCfg = Release|Win32
		{7660B840-307A-4C2A-9D34-FD71B147F042}.Release|x86.Build.0 = Release|Win32
		{43FB2A64-8049-4CF4-AE2A-0CF9D055399C}.Debug|x64.ActiveCfg = Debug|x64
		{43FB2A64-8049-4CF4-AE2A-0CF9D055399C}.Debug|x64.Build.0 = Debug|x64
		{43FB2A64-8049-4CF4-AE2A-0CF9D055399C}.Debug|x86.ActiveCfg = Debug|Win32
		{43FB2A64-8049-4CF4-AE2A-0CF9D055399C}.Debug|x86.Build.0 = Debug|Win32
		{43FB2A64-8049-4CF4-AE2A-0CF9D055399C}.Release|x64.ActiveCfg = Release|x64
		{43FB2A64-8049-4CF4-AE2A-0CF9D055399C}.Release|x64.Build.0 = Release|x64
		{43FB2A64-8049-4CF4-AE2A-0CF9D055399C}.Release|x86.ActiveCfg = Release|Win32
		{43FB2A64-8049-4CF4-AE2A-0CF9D055399C}.Release|x86.Build.0 = Release|Win32
		{8ED109BD-B739-4D92-8CE2-0AE41004767A}.Debug|x64.ActiveCfg = Debug|x64
		{8ED109BD-B739-4D92-8CE2-0AE41004767A}.Debug|x64.Build.0 = Debug|x64
		{8ED109BD-B739-4D92-8CE2-0AE41004767A}.Debug|x86.ActiveCfg = Debug|Win32
		{8ED109BD-B739-4D92-8CE2-0AE41004767A}.Debug|x86.Build.0 = Debug|Win32
		{8ED109BD-B739-4D92-8CE2-0AE41004767A}.Release|x64.ActiveCfg = Release|x64
		{8ED109BD-B739-4D92-8CE2-0AE41004767A}.Release|x64.Build.0 = Release|x64
		{8ED109BD-B739-4D92-8CE2-0AE41004767A}.Release|x86.ActiveCfg = Release|Win32
		{8ED109BD-B739-4D92-8CE2-0AE41004767A}.Release|x86.Build.0 = Release|Win32
		{C9D2684C-665D-48AC-A39D-4B0C4C6895F6}.Debug|x64.ActiveCfg = Debug|x64
		{C9D2684C-665D-48AC-A39D-4B0C4C6895F6}.Debug|x64.Build.0 = Debug|x64
		{C9D2684C-665D-48AC-A39D-4B0C4C6895F6}.Debug|x86.ActiveCfg = Debug|Win32
		{C9D2684C-665D-48AC-A39D-4B0C4C6895F6}.Debug|x86.Build.0 = Debug|Win32
		{C9D2684C-665D-48AC-A39D-4B0C4C6895F6}.Release|x64.ActiveCfg = Release|x64
		{C9D2684C-665D-48AC-A39D-4B0C4C6895F6}.Release|x64.Build.0 = Release|x64
		{C9D2684C-665D-48AC-A39D-4B0C4C6895F6}.Release|x86.ActiveCfg = Release|Win32
		{C9D2684C-665D-48AC-A39D-4B0C4C6895F6}.Release|x86.Build.0 = Release|Win32
		{03F76CCF-6CAC-4518-A172-DEECA9573DF1}.Debug|x64.ActiveCfg = Debug|x64
		{03F76CCF-6CAC-4518-A172-DEECA9573DF1}.Debug|x64.Build.0 = Debug|x64
		{03F76CCF-6CAC-4518-A172-DEECA9573DF1}.Debug|x86.ActiveCfg = Debug|Win32
		{03F76CCF-6CAC-4518-A172-DEECA9573DF1}.Debug|x86.Build.0 = Debug|Win32
		{03F76CCF-6CAC-4518-A172-DEECA9573DF1}.Release|x64.ActiveCfg = Release|x64
		{03F76CCF-6CAC-4518-A172-DEECA9573DF1}.Release|x64.Build.0 = Release|x64
		{03F76CCF-6CAC-4518-A172-DEECA9573DF1}.Release|x86.ActiveCfg = Release|Win32
		{03F76CCF-6CAC-4518-A172-DEECA9573DF1}.Release|x86.Build.0 = Release|Win32
		{D3A06991-6F8A-4C5C-9385-6E3BCE81B33D}.Debug|x64.ActiveCfg = Debug|x64
		{D3A06991-6F8A-4C5C-9385-6E3BCE81B33D}.Debug|x64.Build.0 = Debug|x64
		{D3A06991-6F8A-4C5C-9385-6E3BCE81B33D}.Debug|x86.ActiveCfg = Debug|Win32
		{D3A06991-6F8A-4C5C-9385-6E3BCE81B33D}.Debug|x86.Build.0 = Debug|Win32
		{D3A06991-6F8A-4C5C-9385-6E3BCE81B33D}.Release|x64.ActiveCfg = Release|x64
		{D3A06991-6F8A-4C5C-9385-6E3BCE81B33D}.Release|x64.Build.0 = Release|x64
		{D3A06991-6F8A-4C5C-9385-6E3BCE81B33D}.Release|x86.ActiveCfg = Release|Win32
		{D3A06991-6F8A-4C5C-9385-6E3BCE81B33D}.Release|x86.Build.0 = Release|Win32
		{ACBCD815-5B46-4E85-82C8-8D3D89C50508}.Debug|x64.ActiveCfg = Debug|x64
		{ACBCD815-5B46-4E85-82C8-8D3D89C50508}.Debug|x64.Build.0 = Debug|x64
		{ACBCD815-5B46-4E85-82C8-8D3D89C50508}.Debug|x86.ActiveCfg = Debug|Win32
		{ACBCD815-5B46-4E85-82C8-8D3D89C50508}.Debug|x86.Build.0 = Debug|Win32
		{ACBCD815-5B46-4E85-82C8-8D3D89C50508}.Release|x64.ActiveCfg = Release|x64
		{ACBCD815-5B46-4E85-82C8-8D3D89C50508}.Release|x64.Build.0 = Release|x64
		{ACBCD815-5B46-4E85-82C8-8D3D89C50508}.Release|x86.ActiveCfg = Release|Win32
		{ACBCD815-5B46-4E85-82C8-8D3D89C50508}.Release|x86.Build.0 = Release|Win32
		{F8A33696-5259-4F62-8D9B-F4713DA12224}.Debug|x64.ActiveCfg = Debug|x64
		{F8A33696-5259-4F62-8D9B-F4713DA12224}.Debug|x64.Build.0 = Debug|x64
		{F8A33696-5259-4F62-8D9B-F4713DA12224}.Debug|x86.ActiveCfg = Debug|Win32
		{F8A33696-5259-4F62-8D9B-F4713DA12224}.Debug|x86.Build.0 = Debug|Win32
		{F8A33696-5259-4F62-8D9B-F4713DA12224}.Release|x64.ActiveCfg = Release|x64
		{F8A33696-5259-4F62-8D9B-F4713DA12224}.Release|x64.Build.0 = Release|x64
		{F8A33696-5259-4F62-8D9B-F4713DA12224}.Release|x86.ActiveCfg = Release|Win32
		{F8A33696-5259-4F62-8D9B-F4713DA12224}.Release|x86.Build.0 = Release|Win32
		{38A3EAAE-2CB8-455C-BABF-638068AAC89E}.Debug|x64.ActiveCfg = Debug|x64
		{38A3EAAE-2CB8-455C-BABF-638068AAC89E}.Debug|x64.Build.0 = Debug|x64
		{38A3EAAE-2CB8-455C-BABF-638068AAC89E}.Debug|x86.ActiveCfg = Debug|Win32
		{38A3EAAE-2CB8-455C-BABF-638068AAC89E}.Debug|x86.Build.0 = Debug|Win32
		{38A3EAAE-2CB8-455C-BABF-638068AAC89E}.Release|x64.ActiveCfg = Release|x64
		{38A3EAAE-2CB8-455C-BABF-638068AAC89E}.Release|x64.Build.0 = Release|x64
		{38A3EAAE-2CB8-455C-BABF-638068AAC89E}.Release|x86.ActiveCfg = Release|Win32
		{38A3EAAE-2CB8-455C-BABF-638068AAC89E}.Release|x86.Build.0 = Release|Win32
		{1FC4B0A0-A046-4ED4-B412-095A1CC8FC32}.Debug|x64.ActiveCfg = Debug|x64
		{1FC4B0A0-A046-4ED4-B412-095A1CC8FC32}.Debug|x64.Build.0 = Debug|x64
		{1FC4B0A0-A046-4ED4-B412-095A1CC8FC32}.Debug|x86.ActiveCfg = Debug|Win32
		{1FC4B0A0-A046-4ED4-B412-095A1CC8FC32}.Debug|x86.Build.0 = Debug|Win32
		{1FC4B0A0-A046-4ED4-B412-095A1CC8FC32}.Release|x64.ActiveCfg = Release|x64
		{1FC4B0A0-A046-4ED4-B412-095A1CC8FC32}.Release|x64.Build.0 = Release|x64
		{1FC4B0A0-A046-4ED4-B412-095A1CC8FC32}.Release|x86.ActiveCfg = Release|Win32
		{1FC4B0A0-A046-4ED4-B412-095A1CC8FC32}.Release|x86.Build.0 = Release|Win32
		{75E47EFE-F698-4745-954A-E22E7C0669EA}.Debug|x64.ActiveCfg = Debug|x64
		{75E47EFE-F698-4745-954A-E22E7C0669EA}.Debug|x64.Build.0 = Debug|x64
		{75E47EFE-F698-4745-954A-E22E7C0669EA}.Debug|x86.ActiveCfg = Debug|Win32
		{75E47EFE-F698-4745-954A-E22E7C0669EA}.Debug|x86.Build.0 = Debug|Win32
		{75E47EFE-F698-4745-954A-E22E7C0669EA}.Release|x64.ActiveCfg = Release|x64
		{75E47EFE-F698-4745-954A-E22E7C0669EA}.Release|x64.Build.0 = Release|x64
		{75E47EFE-F698-4745-954A-E22E7C0669EA}.Release|x86.ActiveCfg = Release|Win32
		{75E47EFE-F698-4745-954A-E22E7C0669EA}.Release|x86.Build.0 = Release|Win32
		{72659662-CDD7-4997-9579-405AA39FAD48}.Debug|x64.ActiveCfg = Debug|x64
		{72659662-CDD7-4997-9579-405AA39FAD48}.Debug|x64.Build.0 = Debug|x64
		{72659662-CDD7-4997-9579-405AA39FAD48}.Debug|x86.ActiveCfg = Debug|Win32
		{72659662-CDD7-4997-9579-405AA39FAD48}.Debug|x86.Build.0 = Debug|Win32
		{72659662-CDD7-4997-9579-405AA39FAD48}.Release|x64.ActiveCfg = Release|x64
		{72659662-CDD7-4997-9579-405AA39FAD48}.Release|x64.Build.0 = Release|x64
		{72659662-CDD7-4997-9579-405AA39FAD48}.Release|x86.ActiveCfg = Release|Win32
		{72659662-CDD7-4997-9579-405AA39FAD48}.Release|x86.Build.0 = Release|Win32
		{C4B41239-1BA9-48B8-B26E-8AD0E784C650}.Debug|x64.ActiveCfg = Debug|x64
		{C4B41239-1BA9-48B8-B26E-8AD0E784C650}.Debug|x64.Build.0 = Debug|x64
		{C4B41239-1BA9-48B8-B26E-8AD0E784C650}.Debug|x86.ActiveCfg = Debug|Win32
		{C4B41239-1BA9-48B8-B26E-8AD0E784C650}.Debug|x86.Build.0 = Debug|Win32
		{C4B41239-1BA9-48B8-B26E-8AD0E784C650}.Release|x64.ActiveCfg = Release|x64
		{C4B41239-1BA9-48B8-B26E-8AD0E784C650}.Release|x64.Build.0 = Release|x64
		{C4B41239-1BA9-48B8-B26E-8AD0E784C650}.Release|x86.ActiveCfg = Release|Win32
		{C4B41239-1BA9-48B8-B26E-8AD0E784C650}.Release|x86.Build.0 = Release|Win32
		{F3481816-E670-46D5-BE20-23B20B1873FB}.Debug|x64.ActiveCfg = Debug|x64
		{F3481816-E670-46D5-BE20-23B20B1873FB}.Debug|x64.Build.0 = Debug|x64
		{F3481816-E670-46D5-BE20-23B20B1873FB}.Debug|x86.ActiveCfg = Debug|Win32
		{F3481816-E670-46D5-BE20-23B20B1873FB}.Debug|x86.Build.0 = Debug|Win32
		{F3481816-E670-46D5-BE20-23B20B1873FB}.Release|x64.ActiveCfg = Release|x64
		{F3481816-E670-46D5-BE20-23B20B1873FB}.Release|x64.Build.0 = Release|x64
		{F3481816-E670-46D5-BE20-23B20B1873FB}.Release|x86.ActiveCfg = Release|Win32
		{F3481816-E670-46D5-BE20-23B20B1873FB}.Release|x86.Build.0 = Release|Win32
		{E4DBCCF9-88CD-414F-AD2D-9E565C46292A}.Debug|x64.ActiveCfg = Debug|x64
		{E4DBCCF9-88CD-414F-AD2D-9E565C46292A}.Debug|x64.Build.0 = Debug|x64
		{E4DBCCF9-88CD-414F-AD2D-9E565C46292A}.Debug|x86.ActiveCfg = Debug|Win32
		{E4DBCCF9-88CD-414F-AD2D-9E565C46292A}.Debug|x86.Build.0 = Debug|Win32
		{E4DBCCF9-88CD-414F-AD2D-9E565C46292A}.Release|x64.ActiveCfg = Release|x64
		{E4DBCCF9-88CD-414F-AD2D-9E565C46292A}.Release|x64.Build.0 = Release|x64
		{E4DBCCF9-88CD-414F-AD2D-9E565C46292A}.Release|x86.ActiveCfg = Release|Win32
		{E4DBCCF9-88CD-414F-AD2D-9E565C46292A}.Release|x86.Build.0 = Release|Win32
		{AC082F38-F270-4C7F-868B-20153C30876B}.Debug|x64.ActiveCfg = Debug|x64
		{AC082F38-F270-4C7F-868B-20153C30876B}.Debug|x64.Build.0 = Debug|x64
		{AC082F38-F270-4C7F-868B-20153C30876B}.Debug|x86.ActiveCfg = Debug|Win32
		{AC082F38-F270-4C7F-868B-20153C30876B}.Debug|x86.Build.0 = Debug|Win32
		{AC082F38-F270-4C7F-868B-20153C30876B}.Release|x64.ActiveCfg = Release|x64
		{AC082F38-F270-4C7F-868B-20153C30876B}.Release|x64.Build.0 = Release|x64
		{AC082F38-F270-4C7F-868B-20153C30876B}.Release|x86.ActiveCfg = Release|Win32
		{AC082F38-F270-4C7F-868B-20153C30876B}.Release|x86.Build.0 = Release|Win32
		{CAD950DF-7256-4D13-BF56-8DAE6D8DD99B}.Debug|x64.ActiveCfg = Debug|x64
		{CAD950DF-7256-4D13-BF56-8DAE6D8DD99B}.Debug|x64.Build.0 = Debug|x64
		{CAD950DF-7256-4D13-BF56-8DAE6D8DD99B}.Debug|x86.ActiveCfg = Debug|Win32
		{CAD950DF-7256-4D13-BF56-8DAE6D8DD99B}.Debug|x86.Build.0 = Debug|Win32
		{CAD950DF-7256-4D13-BF56-8DAE6D8DD99B}.Release|x64.ActiveCfg = Release|x64
		{CAD950DF-7256-4D13-BF56-8DAE6D8DD99B}.Release|x64.Build.0 = Release|x64
		{CAD950DF-7256-4D13-BF56-8DAE6D8DD99B}.Release|x86.ActiveCfg = Release|Win32
		{CAD950DF-7256-4D13-BF56-8DAE6D8DD99B}.Release|x86.Build.0 = Release|Win32
		{4D5A2430-0C45-4B09-9A38-4CAB3930604F}.Debug|x64.ActiveCfg = Debug|x64
		{4D5A2430-0C45-4B09-9A38-4CAB3930604F}.Debug|x64.Build.0 = Debug|x64
		{4D5A2430-0C45-4B09-9A38-4CAB3930604F}.Debug|x86.ActiveCfg = Debug|Win32
		{4D5A2430-0C45-4B09-9A38-4CAB3930604F}.Debug|x86.Build.0 = Debug|Win32
		{4D5A2430-0C45-4B09-9A38-4CAB3930604F}.Release|x64.ActiveCfg = Release|x64
		{4D5A2430-0C45-4B09-9A38-4CAB3930604F}.Release|x64.Build.0 = Release|x64
		{4D5A2430-0C45-4B09-9A38-4CAB3930604F}.Release|x86.ActiveCfg = Release|Win32
		{4D5A2430-0C45-4B09-9A38-4CAB3930604F}.Release|x86.Build.0 = Release|Win32
	EndGlobalSection
	GlobalSection(SolutionProperties) = preSolution
		HideSolutionNode = FALSE
	EndGlobalSection
	GlobalSection(ExtensibilityGlobals) = postSolution
		SolutionGuid = {01E0144C-5526-4253-8733-E800DAE5D122}
	EndGlobalSection
EndGlobal
